
Microsoft Visual Studio Solution File, Format Version 12.00
# Visual Studio Version 17
VisualStudioVersion = 17.0.31903.59
MinimumVisualStudioVersion = 10.0.40219.1
Project("{FAE04EC0-301F-11D3-BF4B-00C04F79EFBC}") = "JobTracker.Domain", "JobTracker.Domain\JobTracker.Domain.csproj", "{F9670E8D-4C0D-443D-B9CC-CB8F022CE270}"
EndProject
Project("{FAE04EC0-301F-11D3-BF4B-00C04F79EFBC}") = "JobTracker.Application", "JobTracker.Application\JobTracker.Application.csproj", "{D7B66054-118B-423C-AECE-1AE738A04150}"
EndProject
Project("{FAE04EC0-301F-11D3-BF4B-00C04F79EFBC}") = "JobTracker.Infrastructure", "JobTracker.Infrastructure\JobTracker.Infrastructure.csproj", "{15F54F99-2DAC-498D-A1E1-82EC50D63B94}"
EndProject
Project("{FAE04EC0-301F-11D3-BF4B-00C04F79EFBC}") = "JobTracker.API", "JobTracker.API\JobTracker.API.csproj", "{3CDEDA95-EE5B-4B94-B7FB-6CA0F2B93D64}"
EndProject
Global
	GlobalSection(SolutionConfigurationPlatforms) = preSolution
		Debug|Any CPU = Debug|Any CPU
		Debug|x64 = Debug|x64
		Debug|x86 = Debug|x86
		Release|Any CPU = Release|Any CPU
		Release|x64 = Release|x64
		Release|x86 = Release|x86
	EndGlobalSection
	GlobalSection(ProjectConfigurationPlatforms) = postSolution
		{F9670E8D-4C0D-443D-B9CC-CB8F022CE270}.Debug|Any CPU.ActiveCfg = Debug|Any CPU
		{F9670E8D-4C0D-443D-B9CC-CB8F022CE270}.Debug|Any CPU.Build.0 = Debug|Any CPU
		{F9670E8D-4C0D-443D-B9CC-CB8F022CE270}.Debug|x64.ActiveCfg = Debug|Any CPU
		{F9670E8D-4C0D-443D-B9CC-CB8F022CE270}.Debug|x64.Build.0 = Debug|Any CPU
		{F9670E8D-4C0D-443D-B9CC-CB8F022CE270}.Debug|x86.ActiveCfg = Debug|Any CPU
		{F9670E8D-4C0D-443D-B9CC-CB8F022CE270}.Debug|x86.Build.0 = Debug|Any CPU
		{F9670E8D-4C0D-443D-B9CC-CB8F022CE270}.Release|Any CPU.ActiveCfg = Release|Any CPU
		{F9670E8D-4C0D-443D-B9CC-CB8F022CE270}.Release|Any CPU.Build.0 = Release|Any CPU
		{F9670E8D-4C0D-443D-B9CC-CB8F022CE270}.Release|x64.ActiveCfg = Release|Any CPU
		{F9670E8D-4C0D-443D-B9CC-CB8F022CE270}.Release|x64.Build.0 = Release|Any CPU
		{F9670E8D-4C0D-443D-B9CC-CB8F022CE270}.Release|x86.ActiveCfg = Release|Any CPU
		{F9670E8D-4C0D-443D-B9CC-CB8F022CE270}.Release|x86.Build.0 = Release|Any CPU
		{D7B66054-118B-423C-AECE-1AE738A04150}.Debug|Any CPU.ActiveCfg = Debug|Any CPU
		{D7B66054-118B-423C-AECE-1AE738A04150}.Debug|Any CPU.Build.0 = Debug|Any CPU
		{D7B66054-118B-423C-AECE-1AE738A04150}.Debug|x64.ActiveCfg = Debug|Any CPU
		{D7B66054-118B-423C-AECE-1AE738A04150}.Debug|x64.Build.0 = Debug|Any CPU
		{D7B66054-118B-423C-AECE-1AE738A04150}.Debug|x86.ActiveCfg = Debug|Any CPU
		{D7B66054-118B-423C-AECE-1AE738A04150}.Debug|x86.Build.0 = Debug|Any CPU
		{D7B66054-118B-423C-AECE-1AE738A04150}.Release|Any CPU.ActiveCfg = Release|Any CPU
		{D7B66054-118B-423C-AECE-1AE738A04150}.Release|Any CPU.Build.0 = Release|Any CPU
		{D7B66054-118B-423C-AECE-1AE738A04150}.Release|x64.ActiveCfg = Release|Any CPU
		{D7B66054-118B-423C-AECE-1AE738A04150}.Release|x64.Build.0 = Release|Any CPU
		{D7B66054-118B-423C-AECE-1AE738A04150}.Release|x86.ActiveCfg = Release|Any CPU
		{D7B66054-118B-423C-AECE-1AE738A04150}.Release|x86.Build.0 = Release|Any CPU
		{15F54F99-2DAC-498D-A1E1-82EC50D63B94}.Debug|Any CPU.ActiveCfg = Debug|Any CPU
		{15F54F99-2DAC-498D-A1E1-82EC50D63B94}.Debug|Any CPU.Build.0 = Debug|Any CPU
		{15F54F99-2DAC-498D-A1E1-82EC50D63B94}.Debug|x64.ActiveCfg = Debug|Any CPU
		{15F54F99-2DAC-498D-A1E1-82EC50D63B94}.Debug|x64.Build.0 = Debug|Any CPU
		{15F54F99-2DAC-498D-A1E1-82EC50D63B94}.Debug|x86.ActiveCfg = Debug|Any CPU
		{15F54F99-2DAC-498D-A1E1-82EC50D63B94}.Debug|x86.Build.0 = Debug|Any CPU
		{15F54F99-2DAC-498D-A1E1-82EC50D63B94}.Release|Any CPU.ActiveCfg = Release|Any CPU
		{15F54F99-2DAC-498D-A1E1-82EC50D63B94}.Release|Any CPU.Build.0 = Release|Any CPU
		{15F54F99-2DAC-498D-A1E1-82EC50D63B94}.Release|x64.ActiveCfg = Release|Any CPU
		{15F54F99-2DAC-498D-A1E1-82EC50D63B94}.Release|x64.Build.0 = Release|Any CPU
		{15F54F99-2DAC-498D-A1E1-82EC50D63B94}.Release|x86.ActiveCfg = Release|Any CPU
		{15F54F99-2DAC-498D-A1E1-82EC50D63B94}.Release|x86.Build.0 = Release|Any CPU
		{3CDEDA95-EE5B-4B94-B7FB-6CA0F2B93D64}.Debug|Any CPU.ActiveCfg = Debug|Any CPU
		{3CDEDA95-EE5B-4B94-B7FB-6CA0F2B93D64}.Debug|Any CPU.Build.0 = Debug|Any CPU
		{3CDEDA95-EE5B-4B94-B7FB-6CA0F2B93D64}.Debug|x64.ActiveCfg = Debug|Any CPU
		{3CDEDA95-EE5B-4B94-B7FB-6CA0F2B93D64}.Debug|x64.Build.0 = Debug|Any CPU
		{3CDEDA95-EE5B-4B94-B7FB-6CA0F2B93D64}.Debug|x86.ActiveCfg = Debug|Any CPU
		{3CDEDA95-EE5B-4B94-B7FB-6CA0F2B93D64}.Debug|x86.Build.0 = Debug|Any CPU
		{3CDEDA95-EE5B-4B94-B7FB-6CA0F2B93D64}.Release|Any CPU.ActiveCfg = Release|Any CPU
		{3CDEDA95-EE5B-4B94-B7FB-6CA0F2B93D64}.Release|Any CPU.Build.0 = Release|Any CPU
		{3CDEDA95-EE5B-4B94-B7FB-6CA0F2B93D64}.Release|x64.ActiveCfg = Release|Any CPU
		{3CDEDA95-EE5B-4B94-B7FB-6CA0F2B93D64}.Release|x64.Build.0 = Release|Any CPU
		{3CDEDA95-EE5B-4B94-B7FB-6CA0F2B93D64}.Release|x86.ActiveCfg = Release|Any CPU
		{3CDEDA95-EE5B-4B94-B7FB-6CA0F2B93D64}.Release|x86.Build.0 = Release|Any CPU
	EndGlobalSection
	GlobalSection(SolutionProperties) = preSolution
		HideSolutionNode = FALSE
	EndGlobalSection
EndGlobal
